
Microsoft Visual Studio Solution File, Format Version 12.00
# Visual Studio Version 16
VisualStudioVersion = 16.0.30011.22
MinimumVisualStudioVersion = 10.0.40219.1
Project("{9A19103F-16F7-4668-BE54-9A1E7A4F7556}") = "Parser.BackgroundService", "Parser.BackgroundService\Parser.BackgroundService.csproj", "{33FEC2E1-D1BD-4C80-BA29-07BE9031AD6F}"
EndProject
Project("{9A19103F-16F7-4668-BE54-9A1E7A4F7556}") = "Parser.DAL", "Parser.DAL\Parser.DAL.csproj", "{E6775B26-BE1C-436A-9BB9-603B267A2DC3}"
EndProject
Project("{9A19103F-16F7-4668-BE54-9A1E7A4F7556}") = "Parser.Services", "Parser.Services\Parser.Services.csproj", "{36463F2C-7395-40D2-A469-789CFAA77E60}"
EndProject
Project("{9A19103F-16F7-4668-BE54-9A1E7A4F7556}") = "Parser.Services.Tests", "Parser.Services.Tests\Parser.Services.Tests.csproj", "{715213B9-8CE7-44DD-B406-3384B849C0A0}"
EndProject
Project("{9A19103F-16F7-4668-BE54-9A1E7A4F7556}") = "Parser.Infrastructure", "Parser.Infrastructure\Parser.Infrastructure.csproj", "{44AC30D2-BC00-4778-AA7D-31BCD85455CB}"
EndProject
Project("{2150E333-8FDC-42A3-9474-1A3956D46DE8}") = "01_Common", "01_Common", "{0A6AE5E4-E41A-4979-BE41-05A64AB79BB1}"
EndProject
Project("{2150E333-8FDC-42A3-9474-1A3956D46DE8}") = "03_Domain", "03_Domain", "{4DD5C212-F319-4DAA-BAFA-78BF3F877192}"
EndProject
Project("{2150E333-8FDC-42A3-9474-1A3956D46DE8}") = "02_DataAccess", "02_DataAccess", "{41A52C62-2762-4F6F-9F21-71C599CDB2F0}"
EndProject
Project("{2150E333-8FDC-42A3-9474-1A3956D46DE8}") = "04_Background", "04_Background", "{7DAAD6E0-0CD4-46E0-8790-E69221CC675E}"
EndProject
Project("{2150E333-8FDC-42A3-9474-1A3956D46DE8}") = "05_Api", "05_Api", "{F5E96DAB-DAF6-42DD-9820-D5121B486373}"
EndProject
Project("{FAE04EC0-301F-11D3-BF4B-00C04F79EFBC}") = "Parser.WebApi", "Parser.WebApi\Parser.WebApi.csproj", "{6431750C-3E84-4C32-8BB8-88BBAEFF1BCB}"
EndProject
Project("{FAE04EC0-301F-11D3-BF4B-00C04F79EFBC}") = "Parser.Common", "Parser.Common\Parser.Common.csproj", "{615EBC8A-8EBF-4ED2-A185-04EEF43DB67B}"
EndProject
Global
	GlobalSection(SolutionConfigurationPlatforms) = preSolution
		Debug|Any CPU = Debug|Any CPU
		Release|Any CPU = Release|Any CPU
	EndGlobalSection
	GlobalSection(ProjectConfigurationPlatforms) = postSolution
		{33FEC2E1-D1BD-4C80-BA29-07BE9031AD6F}.Debug|Any CPU.ActiveCfg = Debug|Any CPU
		{33FEC2E1-D1BD-4C80-BA29-07BE9031AD6F}.Debug|Any CPU.Build.0 = Debug|Any CPU
		{33FEC2E1-D1BD-4C80-BA29-07BE9031AD6F}.Release|Any CPU.ActiveCfg = Release|Any CPU
		{33FEC2E1-D1BD-4C80-BA29-07BE9031AD6F}.Release|Any CPU.Build.0 = Release|Any CPU
		{E6775B26-BE1C-436A-9BB9-603B267A2DC3}.Debug|Any CPU.ActiveCfg = Debug|Any CPU
		{E6775B26-BE1C-436A-9BB9-603B267A2DC3}.Debug|Any CPU.Build.0 = Debug|Any CPU
		{E6775B26-BE1C-436A-9BB9-603B267A2DC3}.Release|Any CPU.ActiveCfg = Release|Any CPU
		{E6775B26-BE1C-436A-9BB9-603B267A2DC3}.Release|Any CPU.Build.0 = Release|Any CPU
		{36463F2C-7395-40D2-A469-789CFAA77E60}.Debug|Any CPU.ActiveCfg = Debug|Any CPU
		{36463F2C-7395-40D2-A469-789CFAA77E60}.Debug|Any CPU.Build.0 = Debug|Any CPU
		{36463F2C-7395-40D2-A469-789CFAA77E60}.Release|Any CPU.ActiveCfg = Release|Any CPU
		{36463F2C-7395-40D2-A469-789CFAA77E60}.Release|Any CPU.Build.0 = Release|Any CPU
		{715213B9-8CE7-44DD-B406-3384B849C0A0}.Debug|Any CPU.ActiveCfg = Debug|Any CPU
		{715213B9-8CE7-44DD-B406-3384B849C0A0}.Debug|Any CPU.Build.0 = Debug|Any CPU
		{715213B9-8CE7-44DD-B406-3384B849C0A0}.Release|Any CPU.ActiveCfg = Release|Any CPU
		{715213B9-8CE7-44DD-B406-3384B849C0A0}.Release|Any CPU.Build.0 = Release|Any CPU
		{44AC30D2-BC00-4778-AA7D-31BCD85455CB}.Debug|Any CPU.ActiveCfg = Debug|Any CPU
		{44AC30D2-BC00-4778-AA7D-31BCD85455CB}.Debug|Any CPU.Build.0 = Debug|Any CPU
		{44AC30D2-BC00-4778-AA7D-31BCD85455CB}.Release|Any CPU.ActiveCfg = Release|Any CPU
		{44AC30D2-BC00-4778-AA7D-31BCD85455CB}.Release|Any CPU.Build.0 = Release|Any CPU
		{6431750C-3E84-4C32-8BB8-88BBAEFF1BCB}.Debug|Any CPU.ActiveCfg = Debug|Any CPU
		{6431750C-3E84-4C32-8BB8-88BBAEFF1BCB}.Debug|Any CPU.Build.0 = Debug|Any CPU
		{6431750C-3E84-4C32-8BB8-88BBAEFF1BCB}.Release|Any CPU.ActiveCfg = Release|Any CPU
		{6431750C-3E84-4C32-8BB8-88BBAEFF1BCB}.Release|Any CPU.Build.0 = Release|Any CPU
		{615EBC8A-8EBF-4ED2-A185-04EEF43DB67B}.Debug|Any CPU.ActiveCfg = Debug|Any CPU
		{615EBC8A-8EBF-4ED2-A185-04EEF43DB67B}.Debug|Any CPU.Build.0 = Debug|Any CPU
		{615EBC8A-8EBF-4ED2-A185-04EEF43DB67B}.Release|Any CPU.ActiveCfg = Release|Any CPU
		{615EBC8A-8EBF-4ED2-A185-04EEF43DB67B}.Release|Any CPU.Build.0 = Release|Any CPU
	EndGlobalSection
	GlobalSection(SolutionProperties) = preSolution
		HideSolutionNode = FALSE
	EndGlobalSection
	GlobalSection(NestedProjects) = preSolution
		{33FEC2E1-D1BD-4C80-BA29-07BE9031AD6F} = {7DAAD6E0-0CD4-46E0-8790-E69221CC675E}
		{E6775B26-BE1C-436A-9BB9-603B267A2DC3} = {41A52C62-2762-4F6F-9F21-71C599CDB2F0}
		{36463F2C-7395-40D2-A469-789CFAA77E60} = {4DD5C212-F319-4DAA-BAFA-78BF3F877192}
		{44AC30D2-BC00-4778-AA7D-31BCD85455CB} = {0A6AE5E4-E41A-4979-BE41-05A64AB79BB1}
		{6431750C-3E84-4C32-8BB8-88BBAEFF1BCB} = {F5E96DAB-DAF6-42DD-9820-D5121B486373}
		{615EBC8A-8EBF-4ED2-A185-04EEF43DB67B} = {0A6AE5E4-E41A-4979-BE41-05A64AB79BB1}
	EndGlobalSection
	GlobalSection(ExtensibilityGlobals) = postSolution
		SolutionGuid = {53D3CA6C-C946-4661-BC00-FFA283C800AA}
	EndGlobalSection
EndGlobal
